
Microsoft Visual Studio Solution File, Format Version 12.00
# Visual Studio Version 16
VisualStudioVersion = 16.0.30320.27
MinimumVisualStudioVersion = 10.0.40219.1
Project("{9A19103F-16F7-4668-BE54-9A1E7A4F7556}") = "PretWorks.Helpers.Cache", "PretWorks.Helpers.Cache\PretWorks.Helpers.Cache.csproj", "{C42BDD0E-4F18-4668-9206-E21D35C0003A}"
EndProject
Project("{FAE04EC0-301F-11D3-BF4B-00C04F79EFBC}") = "PretWorks.Helpers.Cache.Redis", "PretWorks.Helpers.Cache.Redis\PretWorks.Helpers.Cache.Redis.csproj", "{CDD08BEF-8735-48B9-AF48-1AD6619C1C08}"
EndProject
Global
	GlobalSection(SolutionConfigurationPlatforms) = preSolution
		Debug|Any CPU = Debug|Any CPU
		Release|Any CPU = Release|Any CPU
	EndGlobalSection
	GlobalSection(ProjectConfigurationPlatforms) = postSolution
		{C42BDD0E-4F18-4668-9206-E21D35C0003A}.Debug|Any CPU.ActiveCfg = Debug|Any CPU
		{C42BDD0E-4F18-4668-9206-E21D35C0003A}.Debug|Any CPU.Build.0 = Debug|Any CPU
		{C42BDD0E-4F18-4668-9206-E21D35C0003A}.Release|Any CPU.ActiveCfg = Release|Any CPU
		{C42BDD0E-4F18-4668-9206-E21D35C0003A}.Release|Any CPU.Build.0 = Release|Any CPU
		{CDD08BEF-8735-48B9-AF48-1AD6619C1C08}.Debug|Any CPU.ActiveCfg = Debug|Any CPU
		{CDD08BEF-8735-48B9-AF48-1AD6619C1C08}.Debug|Any CPU.Build.0 = Debug|Any CPU
		{CDD08BEF-8735-48B9-AF48-1AD6619C1C08}.Release|Any CPU.ActiveCfg = Release|Any CPU
		{CDD08BEF-8735-48B9-AF48-1AD6619C1C08}.Release|Any CPU.Build.0 = Release|Any CPU
	EndGlobalSection
	GlobalSection(SolutionProperties) = preSolution
		HideSolutionNode = FALSE
	EndGlobalSection
	GlobalSection(ExtensibilityGlobals) = postSolution
		SolutionGuid = {9DD27232-3437-4C52-B98B-8DF7C7BCB887}
	EndGlobalSection
EndGlobal
